{
	"name": "application-name",
	"version": "0.0.1",
	"lockfileVersion": 1,
	"requires": true,
	"dependencies": {
		"amdefine": {
			"version": "https://registry.npmjs.org/amdefine/-/amdefine-1.0.1.tgz",
			"integrity": "sha1-SlKCrBZHKek2Gbz9OtFR+BfOkfU="
		},
		"angular-ui-carousel": {
			"version": "0.1.10",
			"resolved": "https://registry.npmjs.org/angular-ui-carousel/-/angular-ui-carousel-0.1.10.tgz",
			"integrity": "sha1-ClsQZgGLQOcAuMbuNLDJf8MhlSs="
		},
		"astw": {
			"version": "https://registry.npmjs.org/astw/-/astw-0.0.0.tgz",
			"integrity": "sha1-RJCGaj7xFqr5GtumPKfd9wttWb0=",
			"requires": {
				"esprima": "https://registry.npmjs.org/esprima/-/esprima-1.0.2.tgz"
			}
		},
		"balanced-match": {
			"version": "https://registry.npmjs.org/balanced-match/-/balanced-match-0.4.2.tgz",
			"integrity": "sha1-yz8+PHMtwPAe5wtAPzAuYddwmDg="
		},
		"brace-expansion": {
			"version": "https://registry.npmjs.org/brace-expansion/-/brace-expansion-1.1.6.tgz",
			"integrity": "sha1-cZfX6qm4fmSDkOph/GbIRCdCDfk=",
			"requires": {
				"balanced-match": "https://registry.npmjs.org/balanced-match/-/balanced-match-0.4.2.tgz",
				"concat-map": "https://registry.npmjs.org/concat-map/-/concat-map-0.0.1.tgz"
			}
		},
		"buffer-crc32": {
			"version": "https://registry.npmjs.org/buffer-crc32/-/buffer-crc32-0.2.1.tgz",
			"integrity": "sha1-vj5TgvwCttYySVasGvmKqYsIU0w="
		},
		"bytes": {
			"version": "https://registry.npmjs.org/bytes/-/bytes-0.2.0.tgz",
			"integrity": "sha1-qtM+wU49wsp06OfUUfm6BTrU96A="
		},
		"character-parser": {
			"version": "https://registry.npmjs.org/character-parser/-/character-parser-1.0.2.tgz",
			"integrity": "sha1-VThNavz4xrndSD6DR2RqeQ5FRec="
		},
		"commander": {
			"version": "https://registry.npmjs.org/commander/-/commander-0.6.1.tgz",
			"integrity": "sha1-+mihT2qUXVTbvlDYzbMyDp47GgY="
		},
		"concat-map": {
			"version": "https://registry.npmjs.org/concat-map/-/concat-map-0.0.1.tgz",
			"integrity": "sha1-2Klr13/Wjfd5OnMDajug1UBdR3s="
		},
		"connect": {
			"version": "https://registry.npmjs.org/connect/-/connect-2.7.11.tgz",
			"integrity": "sha1-9WHV7vcLjXGcOX9yTTS6QGXHej4=",
			"requires": {
				"buffer-crc32": "https://registry.npmjs.org/buffer-crc32/-/buffer-crc32-0.2.1.tgz",
				"bytes": "https://registry.npmjs.org/bytes/-/bytes-0.2.0.tgz",
				"cookie": "https://registry.npmjs.org/cookie/-/cookie-0.0.5.tgz",
				"cookie-signature": "https://registry.npmjs.org/cookie-signature/-/cookie-signature-1.0.1.tgz",
				"debug": "https://registry.npmjs.org/debug/-/debug-2.6.1.tgz",
				"formidable": "https://registry.npmjs.org/formidable/-/formidable-1.0.14.tgz",
				"fresh": "https://registry.npmjs.org/fresh/-/fresh-0.1.0.tgz",
				"pause": "https://registry.npmjs.org/pause/-/pause-0.0.1.tgz",
				"qs": "https://registry.npmjs.org/qs/-/qs-0.6.5.tgz",
				"send": "https://registry.npmjs.org/send/-/send-0.1.1.tgz"
			},
			"dependencies": {
				"cookie": {
					"version": "https://registry.npmjs.org/cookie/-/cookie-0.0.5.tgz",
					"integrity": "sha1-+az521frdWjJ/MWWJWt7si4wfIE="
				},
				"send": {
					"version": "https://registry.npmjs.org/send/-/send-0.1.1.tgz",
					"integrity": "sha1-C8/L0D3vbi2GEuGr+PSJW0UMYMg=",
					"requires": {
						"debug": "https://registry.npmjs.org/debug/-/debug-2.6.1.tgz",
						"fresh": "https://registry.npmjs.org/fresh/-/fresh-0.1.0.tgz",
						"mime": "https://registry.npmjs.org/mime/-/mime-1.2.11.tgz",
						"range-parser": "https://registry.npmjs.org/range-parser/-/range-parser-0.0.4.tgz"
					}
				}
			}
		},
		"cookie": {
			"version": "https://registry.npmjs.org/cookie/-/cookie-0.1.0.tgz",
			"integrity": "sha1-kOtGndzpBchm3mh+/EMTHYgB+dA="
		},
		"cookie-signature": {
			"version": "https://registry.npmjs.org/cookie-signature/-/cookie-signature-1.0.1.tgz",
			"integrity": "sha1-ROByFIrwHm6OJK+/EmkNaK5pjss="
		},
		"css": {
			"version": "https://registry.npmjs.org/css/-/css-1.0.8.tgz",
			"integrity": "sha1-k4aBHKgrzMnuf7WnMrHioxfIo+c=",
			"requires": {
				"css-parse": "https://registry.npmjs.org/css-parse/-/css-parse-1.0.4.tgz",
				"css-stringify": "https://registry.npmjs.org/css-stringify/-/css-stringify-1.0.5.tgz"
			}
		},
		"css-parse": {
			"version": "https://registry.npmjs.org/css-parse/-/css-parse-1.0.4.tgz",
			"integrity": "sha1-OLBQP7+dqfVOnB29pg4UXHcRe90="
		},
		"css-stringify": {
			"version": "https://registry.npmjs.org/css-stringify/-/css-stringify-1.0.5.tgz",
			"integrity": "sha1-sNBClG2ylTu50pKQCmy19tASIDE="
		},
		"debug": {
			"version": "https://registry.npmjs.org/debug/-/debug-2.6.1.tgz",
			"integrity": "sha1-eYVQkLosTjEVzH2HaUkdWPBJE1E=",
			"requires": {
				"ms": "https://registry.npmjs.org/ms/-/ms-0.7.2.tgz"
			}
		},
		"esprima": {
			"version": "https://registry.npmjs.org/esprima/-/esprima-1.0.2.tgz",
			"integrity": "sha1-gDm/nOrE2dLBX2IyZPspK1UCzq8="
		},
		"express": {
			"version": "https://registry.npmjs.org/express/-/express-3.2.6.tgz",
			"integrity": "sha1-2Kn+BlrcI8W0HsLGicZysmFDD/w=",
			"requires": {
				"buffer-crc32": "https://registry.npmjs.org/buffer-crc32/-/buffer-crc32-0.2.1.tgz",
				"commander": "https://registry.npmjs.org/commander/-/commander-0.6.1.tgz",
				"connect": "https://registry.npmjs.org/connect/-/connect-2.7.11.tgz",
				"cookie": "https://registry.npmjs.org/cookie/-/cookie-0.1.0.tgz",
				"cookie-signature": "https://registry.npmjs.org/cookie-signature/-/cookie-signature-1.0.1.tgz",
				"debug": "https://registry.npmjs.org/debug/-/debug-2.6.1.tgz",
				"fresh": "https://registry.npmjs.org/fresh/-/fresh-0.1.0.tgz",
				"methods": "https://registry.npmjs.org/methods/-/methods-0.0.1.tgz",
				"mkdirp": "https://registry.npmjs.org/mkdirp/-/mkdirp-0.3.4.tgz",
				"range-parser": "https://registry.npmjs.org/range-parser/-/range-parser-0.0.4.tgz",
				"send": "https://registry.npmjs.org/send/-/send-0.1.0.tgz"
			}
		},
		"formidable": {
			"version": "https://registry.npmjs.org/formidable/-/formidable-1.0.14.tgz",
			"integrity": "sha1-Kz9MQRy7X91pXESEPiojUUpDIxo="
		},
		"fresh": {
			"version": "https://registry.npmjs.org/fresh/-/fresh-0.1.0.tgz",
			"integrity": "sha1-A+SwF4Qk5MLV0ZpU2IFM3JeTSFA="
		},
		"is-promise": {
			"version": "https://registry.npmjs.org/is-promise/-/is-promise-1.0.1.tgz",
			"integrity": "sha1-MVc3YcBX4zwukaq56W2gjO++duU="
		},
		"jade": {
			"version": "https://registry.npmjs.org/jade/-/jade-0.31.2.tgz",
			"integrity": "sha1-zcitgSCovFjujNl14Z/cVVL4SSo=",
			"requires": {
				"character-parser": "https://registry.npmjs.org/character-parser/-/character-parser-1.0.2.tgz",
				"commander": "https://registry.npmjs.org/commander/-/commander-1.1.1.tgz",
				"mkdirp": "https://registry.npmjs.org/mkdirp/-/mkdirp-0.3.4.tgz",
				"monocle": "https://registry.npmjs.org/monocle/-/monocle-0.1.48.tgz",
				"transformers": "https://registry.npmjs.org/transformers/-/transformers-2.0.1.tgz",
				"with": "https://registry.npmjs.org/with/-/with-1.0.4.tgz"
			},
			"dependencies": {
				"commander": {
					"version": "https://registry.npmjs.org/commander/-/commander-1.1.1.tgz",
					"integrity": "sha1-UNFlGGiuYOzP8KLZ80WVN2vGsEE=",
					"requires": {
						"keypress": "https://registry.npmjs.org/keypress/-/keypress-0.1.0.tgz"
					}
				}
			}
		},
		"jquery-match-height": {
			"version": "0.7.2",
			"resolved": "https://registry.npmjs.org/jquery-match-height/-/jquery-match-height-0.7.2.tgz",
			"integrity": "sha1-+NnzulMU2qsQnPB0CGdL4gS+Xw4="
		},
		"keypress": {
			"version": "https://registry.npmjs.org/keypress/-/keypress-0.1.0.tgz",
			"integrity": "sha1-SjGI1CkbZrT2XtuZ+AaqmuKTWSo="
		},
		"lexical-scope": {
			"version": "https://registry.npmjs.org/lexical-scope/-/lexical-scope-0.0.12.tgz",
			"integrity": "sha1-vWrACBREVBHYipYwekKXjC0vroA=",
			"requires": {
				"astw": "https://registry.npmjs.org/astw/-/astw-0.0.0.tgz"
			}
		},
		"methods": {
			"version": "https://registry.npmjs.org/methods/-/methods-0.0.1.tgz",
			"integrity": "sha1-J3yQ+L7zlwlkWoNxxRw7bGSOBow="
		},
		"mime": {
			"version": "https://registry.npmjs.org/mime/-/mime-1.2.11.tgz",
			"integrity": "sha1-WCA+7Ybjpe8XrtK32evUfwpg3RA="
		},
		"minimatch": {
			"version": "https://registry.npmjs.org/minimatch/-/minimatch-3.0.3.tgz",
			"integrity": "sha1-Kk5AkLlrLbBqnX3wEFWmKnfJt3Q=",
			"requires": {
				"brace-expansion": "https://registry.npmjs.org/brace-expansion/-/brace-expansion-1.1.6.tgz"
			}
		},
		"mkdirp": {
			"version": "https://registry.npmjs.org/mkdirp/-/mkdirp-0.3.4.tgz",
			"integrity": "sha1-+MgdITtymaAx8ZOlfXUqF9L2x9g="
		},
		"monocle": {
			"version": "https://registry.npmjs.org/monocle/-/monocle-0.1.48.tgz",
			"integrity": "sha1-uWcw9cqQD6daVgQettsQqtmAo4M=",
			"requires": {
				"readdirp": "https://registry.npmjs.org/readdirp/-/readdirp-0.2.5.tgz"
			}
		},
		"ms": {
			"version": "https://registry.npmjs.org/ms/-/ms-0.7.2.tgz",
			"integrity": "sha1-riXPJRKziFodldfwN4aNhDESR2U="
		},
		"optimist": {
			"version": "https://registry.npmjs.org/optimist/-/optimist-0.3.7.tgz",
			"integrity": "sha1-yQlBrVnkJzMokjB00s8ufLxuwNk=",
			"requires": {
				"wordwrap": "https://registry.npmjs.org/wordwrap/-/wordwrap-0.0.3.tgz"
			}
		},
		"pause": {
			"version": "https://registry.npmjs.org/pause/-/pause-0.0.1.tgz",
			"integrity": "sha1-HUCLP9t2kjuVQ9lvtMnf1TXZy10="
		},
		"promise": {
			"version": "https://registry.npmjs.org/promise/-/promise-2.0.0.tgz",
			"integrity": "sha1-RmSKqdYFr10ucMMCS/WUNtoCuA4=",
			"requires": {
				"is-promise": "https://registry.npmjs.org/is-promise/-/is-promise-1.0.1.tgz"
			}
		},
		"qs": {
			"version": "https://registry.npmjs.org/qs/-/qs-0.6.5.tgz",
			"integrity": "sha1-KUsmjksNQlD23eGbO4s0k13/FO8="
		},
		"range-parser": {
			"version": "https://registry.npmjs.org/range-parser/-/range-parser-0.0.4.tgz",
			"integrity": "sha1-wEJ//vUcEKy6B4KkbJYC50T/Ygs="
		},
		"readdirp": {
			"version": "https://registry.npmjs.org/readdirp/-/readdirp-0.2.5.tgz",
			"integrity": "sha1-xMJ25Sl3riXbUZH+UdAIVQ8V2bs=",
			"requires": {
				"minimatch": "https://registry.npmjs.org/minimatch/-/minimatch-3.0.3.tgz"
			}
		},
		"send": {
			"version": "https://registry.npmjs.org/send/-/send-0.1.0.tgz",
			"integrity": "sha1-z7COvTzsm3/Bo32f+eh1qXHPRkA=",
			"requires": {
				"debug": "https://registry.npmjs.org/debug/-/debug-2.6.1.tgz",
				"fresh": "https://registry.npmjs.org/fresh/-/fresh-0.1.0.tgz",
				"mime": "https://registry.npmjs.org/mime/-/mime-1.2.6.tgz",
				"range-parser": "https://registry.npmjs.org/range-parser/-/range-parser-0.0.4.tgz"
			},
			"dependencies": {
				"mime": {
					"version": "https://registry.npmjs.org/mime/-/mime-1.2.6.tgz",
					"integrity": "sha1-sfhsdowCX6h7SAdfFwnyiuryA2U="
				}
			}
		},
		"source-map": {
			"version": "https://registry.npmjs.org/source-map/-/source-map-0.1.43.tgz",
			"integrity": "sha1-wkvBRspRfBRx9drL4lcbK3+eM0Y=",
			"requires": {
				"amdefine": "https://registry.npmjs.org/amdefine/-/amdefine-1.0.1.tgz"
			}
		},
		"transformers": {
			"version": "https://registry.npmjs.org/transformers/-/transformers-2.0.1.tgz",
			"integrity": "sha1-NSEx3865OnUy3HU1pPFCUQQ1o5Q=",
			"requires": {
				"css": "https://registry.npmjs.org/css/-/css-1.0.8.tgz",
				"promise": "https://registry.npmjs.org/promise/-/promise-2.0.0.tgz",
				"uglify-js": "https://registry.npmjs.org/uglify-js/-/uglify-js-2.2.5.tgz"
			}
		},
		"uglify-js": {
			"version": "https://registry.npmjs.org/uglify-js/-/uglify-js-2.2.5.tgz",
			"integrity": "sha1-puAqcNg5eSuXgEiLe4sYTAlcmcc=",
			"requires": {
				"optimist": "https://registry.npmjs.org/optimist/-/optimist-0.3.7.tgz",
				"source-map": "https://registry.npmjs.org/source-map/-/source-map-0.1.43.tgz"
			}
		},
		"with": {
			"version": "https://registry.npmjs.org/with/-/with-1.0.4.tgz",
			"integrity": "sha1-Z7cOlndCuRWxk0UHYoFRGU402us=",
			"requires": {
				"lexical-scope": "https://registry.npmjs.org/lexical-scope/-/lexical-scope-0.0.12.tgz"
			}
		},
		"wordwrap": {
			"version": "https://registry.npmjs.org/wordwrap/-/wordwrap-0.0.3.tgz",
			"integrity": "sha1-o9XabNXAvAAI03I0u68b7WMFkQc="
		}
	}
}
